PODS:
  - Hue (1.2.0)
  - ImagePicker (2.0.0)
  - KYShutterButton (2.0.0)
  - Lightbox (1.0.0):
    - Hue
    - Sugar
  - Sugar (1.2.0)

DEPENDENCIES:
  - Hue (from `https://github.com/hyperoslo/Hue.git`, branch `swift3`)
  - ImagePicker (from `../../`)
  - KYShutterButton
  - Lightbox (from `https://github.com/hyperoslo/Lightbox.git`, branch `swift-3`)
  - Sugar (from `https://github.com/hyperoslo/Sugar.git`, branch `swift-3`)

EXTERNAL SOURCES:
  Hue:
    :branch: swift3
    :git: https://github.com/hyperoslo/Hue.git
  ImagePicker:
    :path: ../../
  Lightbox:
    :branch: swift-3
    :git: https://github.com/hyperoslo/Lightbox.git
  Sugar:
    :branch: swift-3
    :git: https://github.com/hyperoslo/Sugar.git

CHECKOUT OPTIONS:
  Hue:
    :commit: c21ca81d4fa002309f8f8f554317bf9ec3167365
    :git: https://github.com/hyperoslo/Hue.git
  Lightbox:
    :commit: a6119a3cc0b2b582849f7138637f837e817ee71e
    :git: https://github.com/hyperoslo/Lightbox.git
  Sugar:
    :commit: d35ee6d26729cdedf4c1bc87f086c59d9e6fb279
    :git: https://github.com/hyperoslo/Sugar.git

SPEC CHECKSUMS:
  Hue: 0705083b7aff40334033373e6293ec1215285ac2
  ImagePicker: 81175d36c2852cb543cb4f5d6c19e28f3e8d90eb
  KYShutterButton: 49a1b1d34364eda9fda7d10cfe1ecf0bb756d18e
  Lightbox: 6deb5fc2c51f353212631470c4c689bc5120598c
  Sugar: 556b623f0f8846cf08de7302701892f11d567419

PODFILE CHECKSUM: 431b936350ccd5c87c052a970bb81a5e61e5a3c3

COCOAPODS: 1.1.0.rc.2
